{
  "version": 4,
  "terraform_version": "1.5.7",
  "serial": 10,
  "lineage": "92551bb2-5244-8435-fc2d-69dc11317540",
  "outputs": {},
  "resources": [
    {
      "mode": "data",
      "type": "okta_app_oauth",
      "name": "flask_app",
      "provider": "provider[\"registry.terraform.io/okta/okta\"]",
      "instances": [
        {
          "schema_version": 0,
          "attributes": {
            "active_only": true,
            "auto_submit_toolbar": false,
            "client_id": "0oapby6g6s3Rrz9hN5d7",
            "client_secret": "RZGVsH8NgjE18XlqaIZMln87G-Bwo--lVYDjtugKkbHGi7AeS0ZVt4t9Lz0FKHBz",
            "client_uri": "",
            "grant_types": [
              "authorization_code",
              "client_credentials",
              "refresh_token"
            ],
            "hide_ios": true,
            "hide_web": true,
            "id": "0oapby6g6s3Rrz9hN5d7",
            "label": "IAM Flask API",
            "label_prefix": null,
            "links": "{\"appLinks\":[{\"href\":\"https://dev-47311371.okta.com/home/oidc_client/0oapby6g6s3Rrz9hN5d7/aln177a159h7Zf52X0g8\",\"name\":\"oidc_client_link\",\"type\":\"text/html\"}],\"clientCredentials\":[{\"href\":\"https://dev-47311371.okta.com/api/v1/apps/0oapby6g6s3Rrz9hN5d7/credentials/secrets\",\"name\":\"secrets\"}],\"deactivate\":{\"href\":\"https://dev-47311371.okta.com/api/v1/apps/0oapby6g6s3Rrz9hN5d7/lifecycle/deactivate\"},\"groups\":{\"href\":\"https://dev-47311371.okta.com/api/v1/apps/0oapby6g6s3Rrz9hN5d7/groups\"},\"logo\":[{\"href\":\"https://ok12static.oktacdn.com/assets/img/logos/default.6770228fb0dab49a1695ef440a5279bb.png\",\"name\":\"medium\",\"type\":\"image/png\"}],\"uploadLogo\":{\"hints\":{\"allow\":[\"POST\"]},\"href\":\"https://dev-47311371.okta.com/api/v1/apps/0oapby6g6s3Rrz9hN5d7/logo\"},\"users\":{\"href\":\"https://dev-47311371.okta.com/api/v1/apps/0oapby6g6s3Rrz9hN5d7/users\"}}",
            "login_mode": "DISABLED",
            "login_scopes": [],
            "login_uri": "",
            "logo_uri": "",
            "name": "oidc_client",
            "policy_uri": "",
            "post_logout_redirect_uris": [
              "http://localhost:5000"
            ],
            "redirect_uris": [
              "http://localhost:5000/authorization-code/callback"
            ],
            "response_types": [
              "code"
            ],
            "skip_groups": false,
            "skip_users": false,
            "status": "ACTIVE",
            "type": "web",
            "wildcard_redirect": "DISABLED"
          },
          "sensitive_attributes": []
        }
      ]
    },
    {
      "mode": "managed",
      "type": "okta_group",
      "name": "admins",
      "provider": "provider[\"registry.terraform.io/okta/okta\"]",
      "instances": [
        {
          "schema_version": 0,
          "attributes": {
            "custom_profile_attributes": "{}",
            "description": "Admin users",
            "id": "00gpcjmgydneJFB4p5d7",
            "name": "admins",
            "skip_users": false
          },
          "sensitive_attributes": [],
          "private": "bnVsbA=="
        }
      ]
    },
    {
      "mode": "managed",
      "type": "okta_group",
      "name": "regulars",
      "provider": "provider[\"registry.terraform.io/okta/okta\"]",
      "instances": [
        {
          "schema_version": 0,
          "attributes": {
            "custom_profile_attributes": "{}",
            "description": "Regular access users",
            "id": "00gpcjmarutB5bAal5d7",
            "name": "regular-users",
            "skip_users": false
          },
          "sensitive_attributes": [],
          "private": "bnVsbA=="
        }
      ]
    },
    {
      "mode": "managed",
      "type": "okta_user",
      "name": "admin_user",
      "provider": "provider[\"registry.terraform.io/okta/okta\"]",
      "instances": [
        {
          "schema_version": 0,
          "attributes": {
            "city": null,
            "cost_center": null,
            "country_code": null,
            "custom_profile_attributes": "{}",
            "custom_profile_attributes_to_ignore": null,
            "department": null,
            "display_name": null,
            "division": null,
            "email": "kamaalm001@gmail.com",
            "employee_number": null,
            "expire_password_on_create": false,
            "first_name": "Kamaal",
            "honorific_prefix": null,
            "honorific_suffix": null,
            "id": "00upcjsf0diu7k2l15d7",
            "last_name": "Admin",
            "locale": null,
            "login": "kamaalm001@gmail.com",
            "manager": null,
            "manager_id": null,
            "middle_name": null,
            "mobile_phone": null,
            "nick_name": null,
            "old_password": null,
            "organization": null,
            "password": "SuperSecure1!",
            "password_hash": [],
            "password_inline_hook": null,
            "postal_address": null,
            "preferred_language": null,
            "primary_phone": null,
            "profile_url": null,
            "raw_status": "ACTIVE",
            "recovery_answer": null,
            "recovery_question": null,
            "second_email": null,
            "skip_roles": false,
            "state": null,
            "status": "ACTIVE",
            "street_address": null,
            "timezone": null,
            "title": null,
            "user_type": null,
            "zip_code": null
          },
          "sensitive_attributes": [],
          "private": "bnVsbA=="
        }
      ]
    },
    {
      "mode": "managed",
      "type": "okta_user",
      "name": "regular_user",
      "provider": "provider[\"registry.terraform.io/okta/okta\"]",
      "instances": [
        {
          "schema_version": 0,
          "attributes": {
            "city": null,
            "cost_center": null,
            "country_code": null,
            "custom_profile_attributes": "{}",
            "custom_profile_attributes_to_ignore": null,
            "department": null,
            "display_name": null,
            "division": null,
            "email": "kamaal987+1@gmail.com",
            "employee_number": null,
            "expire_password_on_create": false,
            "first_name": "Meerzah",
            "honorific_prefix": null,
            "honorific_suffix": null,
            "id": "00upcjsx3jzCUmdwG5d7",
            "last_name": "Regular",
            "locale": null,
            "login": "kamaal987+1@gmail.com",
            "manager": null,
            "manager_id": null,
            "middle_name": null,
            "mobile_phone": null,
            "nick_name": null,
            "old_password": null,
            "organization": null,
            "password": "SuperSecure2!",
            "password_hash": [],
            "password_inline_hook": null,
            "postal_address": null,
            "preferred_language": null,
            "primary_phone": null,
            "profile_url": null,
            "raw_status": "ACTIVE",
            "recovery_answer": null,
            "recovery_question": null,
            "second_email": null,
            "skip_roles": false,
            "state": null,
            "status": "ACTIVE",
            "street_address": null,
            "timezone": null,
            "title": null,
            "user_type": null,
            "zip_code": null
          },
          "sensitive_attributes": [],
          "private": "bnVsbA=="
        }
      ]
    },
    {
      "mode": "managed",
      "type": "okta_user_group_memberships",
      "name": "admin_membership",
      "provider": "provider[\"registry.terraform.io/okta/okta\"]",
      "instances": [
        {
          "schema_version": 0,
          "attributes": {
            "groups": [
              "00gpcjmgydneJFB4p5d7"
            ],
            "id": "00upcjsf0diu7k2l15d7",
            "user_id": "00upcjsf0diu7k2l15d7"
          },
          "sensitive_attributes": [],
          "private": "bnVsbA==",
          "dependencies": [
            "okta_group.admins",
            "okta_user.admin_user"
          ]
        }
      ]
    },
    {
      "mode": "managed",
      "type": "okta_user_group_memberships",
      "name": "regular_membership",
      "provider": "provider[\"registry.terraform.io/okta/okta\"]",
      "instances": [
        {
          "schema_version": 0,
          "attributes": {
            "groups": [
              "00gpcjmarutB5bAal5d7"
            ],
            "id": "00upcjsx3jzCUmdwG5d7",
            "user_id": "00upcjsx3jzCUmdwG5d7"
          },
          "sensitive_attributes": [],
          "private": "bnVsbA==",
          "dependencies": [
            "okta_group.regulars",
            "okta_user.regular_user"
          ]
        }
      ]
    }
  ],
  "check_results": null
}
